
Microsoft Visual Studio Solution File, Format Version 12.00
# Visual Studio 15
VisualStudioVersion = 15.0.28010.2016
MinimumVisualStudioVersion = 10.0.40219.1
Project("{FAE04EC0-301F-11D3-BF4B-00C04F79EFBC}") = "Holdem", "Holdem\Holdem.csproj", "{FB0E6EC8-A9F6-406A-A40A-D06D273F4DD2}"
EndProject
Global
	GlobalSection(SolutionConfigurationPlatforms) = preSolution
		Debug|Any CPU = Debug|Any CPU
		Release|Any CPU = Release|Any CPU
	EndGlobalSection
	GlobalSection(ProjectConfigurationPlatforms) = postSolution
		{FB0E6EC8-A9F6-406A-A40A-D06D273F4DD2}.Debug|Any CPU.ActiveCfg = Debug|Any CPU
		{FB0E6EC8-A9F6-406A-A40A-D06D273F4DD2}.Debug|Any CPU.Build.0 = Debug|Any CPU
		{FB0E6EC8-A9F6-406A-A40A-D06D273F4DD2}.Release|Any CPU.ActiveCfg = Release|Any CPU
		{FB0E6EC8-A9F6-406A-A40A-D06D273F4DD2}.Release|Any CPU.Build.0 = Release|Any CPU
	EndGlobalSection
	GlobalSection(SolutionProperties) = preSolution
		HideSolutionNode = FALSE
	EndGlobalSection
	GlobalSection(ExtensibilityGlobals) = postSolution
		SolutionGuid = {0F753F7B-5DE0-45FB-A20E-C9094D8FDDFD}
	EndGlobalSection
EndGlobal
